
Microsoft Visual Studio Solution File, Format Version 12.00
# Visual Studio Version 16
VisualStudioVersion = 16.0.31624.102
MinimumVisualStudioVersion = 10.0.40219.1
Project("{FAE04EC0-301F-11D3-BF4B-00C04F79EFBC}") = "PhumlaKamnandiBooking", "PhumlaKamnandiBooking.csproj", "{D3DE2D92-2322-4DE7-91FA-0F2DDEA69A10}"
EndProject
Global
	GlobalSection(SolutionConfigurationPlatforms) = preSolution
		Debug|Any CPU = Debug|Any CPU
		Release|Any CPU = Release|Any CPU
	EndGlobalSection
	GlobalSection(ProjectConfigurationPlatforms) = postSolution
		{D3DE2D92-2322-4DE7-91FA-0F2DDEA69A10}.Debug|Any CPU.ActiveCfg = Debug|Any CPU
		{D3DE2D92-2322-4DE7-91FA-0F2DDEA69A10}.Debug|Any CPU.Build.0 = Debug|Any CPU
		{D3DE2D92-2322-4DE7-91FA-0F2DDEA69A10}.Release|Any CPU.ActiveCfg = Release|Any CPU
		{D3DE2D92-2322-4DE7-91FA-0F2DDEA69A10}.Release|Any CPU.Build.0 = Release|Any CPU
	EndGlobalSection
	GlobalSection(SolutionProperties) = preSolution
		HideSolutionNode = FALSE
	EndGlobalSection
	GlobalSection(ExtensibilityGlobals) = postSolution
		SolutionGuid = {A6EE74EC-22D6-49D4-9377-1601CDCEEB30}
	EndGlobalSection
EndGlobal
